
Microsoft Visual Studio Solution File, Format Version 12.00
# Visual Studio Version 17
VisualStudioVersion = 17.13.35825.156 d17.13
MinimumVisualStudioVersion = 10.0.40219.1
Project("{FAE04EC0-301F-11D3-BF4B-00C04F79EFBC}") = "LogIn-SignUp", "LogIn-SignUp\LogIn-SignUp.csproj", "{2634DBA5-290C-4648-ABFC-59D8402C4B75}"
EndProject
Global
	GlobalSection(SolutionConfigurationPlatforms) = preSolution
		Debug|Any CPU = Debug|Any CPU
		Release|Any CPU = Release|Any CPU
	EndGlobalSection
	GlobalSection(ProjectConfigurationPlatforms) = postSolution
		{2634DBA5-290C-4648-ABFC-59D8402C4B75}.Debug|Any CPU.ActiveCfg = Debug|Any CPU
		{2634DBA5-290C-4648-ABFC-59D8402C4B75}.Debug|Any CPU.Build.0 = Debug|Any CPU
		{2634DBA5-290C-4648-ABFC-59D8402C4B75}.Release|Any CPU.ActiveCfg = Release|Any CPU
		{2634DBA5-290C-4648-ABFC-59D8402C4B75}.Release|Any CPU.Build.0 = Release|Any CPU
	EndGlobalSection
	GlobalSection(SolutionProperties) = preSolution
		HideSolutionNode = FALSE
	EndGlobalSection
	GlobalSection(ExtensibilityGlobals) = postSolution
		SolutionGuid = {EE080361-AE43-45E3-98CB-40866896AADD}
	EndGlobalSection
EndGlobal
